
Microsoft Visual Studio Solution File, Format Version 12.00
# Visual Studio 14
VisualStudioVersion = 14.0.24720.0
MinimumVisualStudioVersion = 10.0.40219.1
Project("{FAE04EC0-301F-11D3-BF4B-00C04F79EFBC}") = "ASPNetWebSite", "ASPNetWebSite\ASPNetWebSite.csproj", "{046EAAA0-F0E4-4186-B6EE-B1026CC7B56B}"
EndProject
Project("{FAE04EC0-301F-11D3-BF4B-00C04F79EFBC}") = "MapTubeV", "MapTubeV\MapTubeV.csproj", "{87BD0410-88D6-4CA1-8157-C250872EA1F5}"
EndProject
Project("{FAE04EC0-301F-11D3-BF4B-00C04F79EFBC}") = "MapTubeVUnitTests", "MapTubeVUnitTests\MapTubeVUnitTests.csproj", "{B445DF8F-FAEC-42CB-BAEC-1D4908FBC54D}"
EndProject
Global
	GlobalSection(SolutionConfigurationPlatforms) = preSolution
		Debug|Any CPU = Debug|Any CPU
		Release|Any CPU = Release|Any CPU
	EndGlobalSection
	GlobalSection(ProjectConfigurationPlatforms) = postSolution
		{046EAAA0-F0E4-4186-B6EE-B1026CC7B56B}.Debug|Any CPU.ActiveCfg = Debug|Any CPU
		{046EAAA0-F0E4-4186-B6EE-B1026CC7B56B}.Debug|Any CPU.Build.0 = Debug|Any CPU
		{046EAAA0-F0E4-4186-B6EE-B1026CC7B56B}.Release|Any CPU.ActiveCfg = Release|Any CPU
		{046EAAA0-F0E4-4186-B6EE-B1026CC7B56B}.Release|Any CPU.Build.0 = Release|Any CPU
		{87BD0410-88D6-4CA1-8157-C250872EA1F5}.Debug|Any CPU.ActiveCfg = Debug|Any CPU
		{87BD0410-88D6-4CA1-8157-C250872EA1F5}.Debug|Any CPU.Build.0 = Debug|Any CPU
		{87BD0410-88D6-4CA1-8157-C250872EA1F5}.Release|Any CPU.ActiveCfg = Release|Any CPU
		{87BD0410-88D6-4CA1-8157-C250872EA1F5}.Release|Any CPU.Build.0 = Release|Any CPU
		{B445DF8F-FAEC-42CB-BAEC-1D4908FBC54D}.Debug|Any CPU.ActiveCfg = Debug|Any CPU
		{B445DF8F-FAEC-42CB-BAEC-1D4908FBC54D}.Debug|Any CPU.Build.0 = Debug|Any CPU
		{B445DF8F-FAEC-42CB-BAEC-1D4908FBC54D}.Release|Any CPU.ActiveCfg = Release|Any CPU
		{B445DF8F-FAEC-42CB-BAEC-1D4908FBC54D}.Release|Any CPU.Build.0 = Release|Any CPU
	EndGlobalSection
	GlobalSection(SolutionProperties) = preSolution
		HideSolutionNode = FALSE
	EndGlobalSection
EndGlobal
